
Microsoft Visual Studio Solution File, Format Version 12.00
# Visual Studio Version 16
VisualStudioVersion = 16.0.31515.178
MinimumVisualStudioVersion = 10.0.40219.1
Project("{FAE04EC0-301F-11D3-BF4B-00C04F79EFBC}") = "TestAppAntBlazor", "TestAppAntBlazor\TestAppAntBlazor.csproj", "{2112466C-DB14-4710-87E4-7EC7405A0763}"
EndProject
Global
	GlobalSection(SolutionConfigurationPlatforms) = preSolution
		Debug|Any CPU = Debug|Any CPU
		Release|Any CPU = Release|Any CPU
	EndGlobalSection
	GlobalSection(ProjectConfigurationPlatforms) = postSolution
		{2112466C-DB14-4710-87E4-7EC7405A0763}.Debug|Any CPU.ActiveCfg = Debug|Any CPU
		{2112466C-DB14-4710-87E4-7EC7405A0763}.Debug|Any CPU.Build.0 = Debug|Any CPU
		{2112466C-DB14-4710-87E4-7EC7405A0763}.Release|Any CPU.ActiveCfg = Release|Any CPU
		{2112466C-DB14-4710-87E4-7EC7405A0763}.Release|Any CPU.Build.0 = Release|Any CPU
	EndGlobalSection
	GlobalSection(SolutionProperties) = preSolution
		HideSolutionNode = FALSE
	EndGlobalSection
	GlobalSection(ExtensibilityGlobals) = postSolution
		SolutionGuid = {074D0C60-93BB-4896-B456-760A3343191C}
	EndGlobalSection
EndGlobal
